// !$*UTF8*$!
{
	archiveVersion = 1;
	classes = {
	};
	objectVersion = 46;
	objects = {

/* Begin PBXBuildFile section */
		3D59898015EE55D70009F580 /* Foundation.framework in Frameworks */ = {isa = PBXBuildFile; fileRef = 3D59897F15EE55D70009F580 /* Foundation.framework */; };
		3D59898515EE55D70009F580 /* AppEngineChannel.h in CopyFiles */ = {isa = PBXBuildFile; fileRef = 3D59898415EE55D70009F580 /* AppEngineChannel.h */; };
		3D59898715EE55D70009F580 /* AppEngineChannel.m in Sources */ = {isa = PBXBuildFile; fileRef = 3D59898615EE55D70009F580 /* AppEngineChannel.m */; };
		3D59899415EE57A10009F580 /* UIKit.framework in Frameworks */ = {isa = PBXBuildFile; fileRef = 3D59899315EE57A10009F580 /* UIKit.framework */; };
		3D59899515EE57A10009F580 /* Foundation.framework in Frameworks */ = {isa = PBXBuildFile; fileRef = 3D59897F15EE55D70009F580 /* Foundation.framework */; };
		3D59899715EE57A10009F580 /* CoreGraphics.framework in Frameworks */ = {isa = PBXBuildFile; fileRef = 3D59899615EE57A10009F580 /* CoreGraphics.framework */; };
		3D59899D15EE57A10009F580 /* InfoPlist.strings in Resources */ = {isa = PBXBuildFile; fileRef = 3D59899B15EE57A10009F580 /* InfoPlist.strings */; };
		3D59899F15EE57A10009F580 /* main.m in Sources */ = {isa = PBXBuildFile; fileRef = 3D59899E15EE57A10009F580 /* main.m */; };
		3D5989A315EE57A10009F580 /* AppDelegate.m in Sources */ = {isa = PBXBuildFile; fileRef = 3D5989A215EE57A10009F580 /* AppDelegate.m */; };
		3D5989A615EE57A10009F580 /* MainStoryboard.storyboard in Resources */ = {isa = PBXBuildFile; fileRef = 3D5989A415EE57A10009F580 /* MainStoryboard.storyboard */; };
		3D5989A915EE57A10009F580 /* ViewController.m in Sources */ = {isa = PBXBuildFile; fileRef = 3D5989A815EE57A10009F580 /* ViewController.m */; };
		3D5989AD15EE57B80009F580 /* libAppEngineChannel.a in Frameworks */ = {isa = PBXBuildFile; fileRef = 3D59897C15EE55D70009F580 /* libAppEngineChannel.a */; };
/* End PBXBuildFile section */

/* Begin PBXCopyFilesBuildPhase section */
		3D59897A15EE55D60009F580 /* CopyFiles */ = {
			isa = PBXCopyFilesBuildPhase;
			buildActionMask = 2147483647;
			dstPath = "include/${PRODUCT_NAME}";
			dstSubfolderSpec = 16;
			files = (
				3D59898515EE55D70009F580 /* AppEngineChannel.h in CopyFiles */,
			);
			runOnlyForDeploymentPostprocessing = 0;
		};
/* End PBXCopyFilesBuildPhase section */

/* Begin PBXFileReference section */
		3D59897C15EE55D70009F580 /* libAppEngineChannel.a */ = {isa = PBXFileReference; explicitFileType = archive.ar; includeInIndex = 0; path = libAppEngineChannel.a; sourceTree = BUILT_PRODUCTS_DIR; };
		3D59897F15EE55D70009F580 /* Foundation.framework */ = {isa = PBXFileReference; lastKnownFileType = wrapper.framework; name = Foundation.framework; path = System/Library/Frameworks/Foundation.framework; sourceTree = SDKROOT; };
		3D59898315EE55D70009F580 /* AppEngineChannel-Prefix.pch */ = {isa = PBXFileReference; lastKnownFileType = sourcecode.c.h; path = "AppEngineChannel-Prefix.pch"; sourceTree = "<group>"; };
		3D59898415EE55D70009F580 /* AppEngineChannel.h */ = {isa = PBXFileReference; lastKnownFileType = sourcecode.c.h; path = AppEngineChannel.h; sourceTree = "<group>"; };
		3D59898615EE55D70009F580 /* AppEngineChannel.m */ = {isa = PBXFileReference; lastKnownFileType = sourcecode.c.objc; path = AppEngineChannel.m; sourceTree = "<group>"; };
		3D59899115EE57A10009F580 /* AppEngineChannelClientExample.app */ = {isa = PBXFileReference; explicitFileType = wrapper.application; includeInIndex = 0; path = AppEngineChannelClientExample.app; sourceTree = BUILT_PRODUCTS_DIR; };
		3D59899315EE57A10009F580 /* UIKit.framework */ = {isa = PBXFileReference; lastKnownFileType = wrapper.framework; name = UIKit.framework; path = System/Library/Frameworks/UIKit.framework; sourceTree = SDKROOT; };
		3D59899615EE57A10009F580 /* CoreGraphics.framework */ = {isa = PBXFileReference; lastKnownFileType = wrapper.framework; name = CoreGraphics.framework; path = System/Library/Frameworks/CoreGraphics.framework; sourceTree = SDKROOT; };
		3D59899A15EE57A10009F580 /* AppEngineChannelClientExample-Info.plist */ = {isa = PBXFileReference; lastKnownFileType = text.plist.xml; path = "AppEngineChannelClientExample-Info.plist"; sourceTree = "<group>"; };
		3D59899C15EE57A10009F580 /* en */ = {isa = PBXFileReference; lastKnownFileType = text.plist.strings; name = en; path = en.lproj/InfoPlist.strings; sourceTree = "<group>"; };
		3D59899E15EE57A10009F580 /* main.m */ = {isa = PBXFileReference; lastKnownFileType = sourcecode.c.objc; path = main.m; sourceTree = "<group>"; };
		3D5989A015EE57A10009F580 /* AppEngineChannelClientExample-Prefix.pch */ = {isa = PBXFileReference; lastKnownFileType = sourcecode.c.h; path = "AppEngineChannelClientExample-Prefix.pch"; sourceTree = "<group>"; };
		3D5989A115EE57A10009F580 /* AppDelegate.h */ = {isa = PBXFileReference; lastKnownFileType = sourcecode.c.h; path = AppDelegate.h; sourceTree = "<group>"; };
		3D5989A215EE57A10009F580 /* AppDelegate.m */ = {isa = PBXFileReference; lastKnownFileType = sourcecode.c.objc; path = AppDelegate.m; sourceTree = "<group>"; };
		3D5989A515EE57A10009F580 /* en */ = {isa = PBXFileReference; lastKnownFileType = file.storyboard; name = en; path = en.lproj/MainStoryboard.storyboard; sourceTree = "<group>"; };
		3D5989A715EE57A10009F580 /* ViewController.h */ = {isa = PBXFileReference; lastKnownFileType = sourcecode.c.h; path = ViewController.h; sourceTree = "<group>"; };
		3D5989A815EE57A10009F580 /* ViewController.m */ = {isa = PBXFileReference; lastKnownFileType = sourcecode.c.objc; path = ViewController.m; sourceTree = "<group>"; };
/* End PBXFileReference section */

/* Begin PBXFrameworksBuildPhase section */
		3D59897915EE55D60009F580 /* Frameworks */ = {
			isa = PBXFrameworksBuildPhase;
			buildActionMask = 2147483647;
			files = (
				3D59898015EE55D70009F580 /* Foundation.framework in Frameworks */,
			);
			runOnlyForDeploymentPostprocessing = 0;
		};
		3D59898E15EE57A10009F580 /* Frameworks */ = {
			isa = PBXFrameworksBuildPhase;
			buildActionMask = 2147483647;
			files = (
				3D5989AD15EE57B80009F580 /* libAppEngineChannel.a in Frameworks */,
				3D59899415EE57A10009F580 /* UIKit.framework in Frameworks */,
				3D59899515EE57A10009F580 /* Foundation.framework in Frameworks */,
				3D59899715EE57A10009F580 /* CoreGraphics.framework in Frameworks */,
			);
			runOnlyForDeploymentPostprocessing = 0;
		};
/* End PBXFrameworksBuildPhase section */

/* Begin PBXGroup section */
		3D59897115EE55D60009F580 = {
			isa = PBXGroup;
			children = (
				3D59898115EE55D70009F580 /* AppEngineChannel */,
				3D59899815EE57A10009F580 /* AppEngineChannelClientExample */,
				3D59897E15EE55D70009F580 /* Frameworks */,
				3D59897D15EE55D70009F580 /* Products */,
			);
			sourceTree = "<group>";
		};
		3D59897D15EE55D70009F580 /* Products */ = {
			isa = PBXGroup;
			children = (
				3D59897C15EE55D70009F580 /* libAppEngineChannel.a */,
				3D59899115EE57A10009F580 /* AppEngineChannelClientExample.app */,
			);
			name = Products;
			sourceTree = "<group>";
		};
		3D59897E15EE55D70009F580 /* Frameworks */ = {
			isa = PBXGroup;
			children = (
				3D59897F15EE55D70009F580 /* Foundation.framework */,
				3D59899315EE57A10009F580 /* UIKit.framework */,
				3D59899615EE57A10009F580 /* CoreGraphics.framework */,
			);
			name = Frameworks;
			sourceTree = "<group>";
		};
		3D59898115EE55D70009F580 /* AppEngineChannel */ = {
			isa = PBXGroup;
			children = (
				3D59898415EE55D70009F580 /* AppEngineChannel.h */,
				3D59898615EE55D70009F580 /* AppEngineChannel.m */,
				3D59898215EE55D70009F580 /* Supporting Files */,
			);
			path = AppEngineChannel;
			sourceTree = "<group>";
		};
		3D59898215EE55D70009F580 /* Supporting Files */ = {
			isa = PBXGroup;
			children = (
				3D59898315EE55D70009F580 /* AppEngineChannel-Prefix.pch */,
			);
			name = "Supporting Files";
			sourceTree = "<group>";
		};
		3D59899815EE57A10009F580 /* AppEngineChannelClientExample */ = {
			isa = PBXGroup;
			children = (
				3D5989A115EE57A10009F580 /* AppDelegate.h */,
				3D5989A215EE57A10009F580 /* AppDelegate.m */,
				3D5989A415EE57A10009F580 /* MainStoryboard.storyboard */,
				3D5989A715EE57A10009F580 /* ViewController.h */,
				3D5989A815EE57A10009F580 /* ViewController.m */,
				3D59899915EE57A10009F580 /* Supporting Files */,
			);
			path = AppEngineChannelClientExample;
			sourceTree = "<group>";
		};
		3D59899915EE57A10009F580 /* Supporting Files */ = {
			isa = PBXGroup;
			children = (
				3D59899A15EE57A10009F580 /* AppEngineChannelClientExample-Info.plist */,
				3D59899B15EE57A10009F580 /* InfoPlist.strings */,
				3D59899E15EE57A10009F580 /* main.m */,
				3D5989A015EE57A10009F580 /* AppEngineChannelClientExample-Prefix.pch */,
			);
			name = "Supporting Files";
			sourceTree = "<group>";
		};
/* End PBXGroup section */

/* Begin PBXNativeTarget section */
		3D59897B15EE55D60009F580 /* AppEngineChannel */ = {
			isa = PBXNativeTarget;
			buildConfigurationList = 3D59898A15EE55D70009F580 /* Build configuration list for PBXNativeTarget "AppEngineChannel" */;
			buildPhases = (
				3D59897815EE55D60009F580 /* Sources */,
				3D59897915EE55D60009F580 /* Frameworks */,
				3D59897A15EE55D60009F580 /* CopyFiles */,
			);
			buildRules = (
			);
			dependencies = (
			);
			name = AppEngineChannel;
			productName = AppEngineChannel;
			productReference = 3D59897C15EE55D70009F580 /* libAppEngineChannel.a */;
			productType = "com.apple.product-type.library.static";
		};
		3D59899015EE57A10009F580 /* AppEngineChannelClientExample */ = {
			isa = PBXNativeTarget;
			buildConfigurationList = 3D5989AA15EE57A10009F580 /* Build configuration list for PBXNativeTarget "AppEngineChannelClientExample" */;
			buildPhases = (
				3D59898D15EE57A10009F580 /* Sources */,
				3D59898E15EE57A10009F580 /* Frameworks */,
				3D59898F15EE57A10009F580 /* Resources */,
			);
			buildRules = (
			);
			dependencies = (
			);
			name = AppEngineChannelClientExample;
			productName = AppEngineChannelClientExample;
			productReference = 3D59899115EE57A10009F580 /* AppEngineChannelClientExample.app */;
			productType = "com.apple.product-type.application";
		};
/* End PBXNativeTarget section */

/* Begin PBXProject section */
		3D59897315EE55D60009F580 /* Project object */ = {
			isa = PBXProject;
			attributes = {
				LastUpgradeCheck = 0440;
				ORGANIZATIONNAME = "Jun Kikuchi";
			};
			buildConfigurationList = 3D59897615EE55D60009F580 /* Build configuration list for PBXProject "AppEngineChannel" */;
			compatibilityVersion = "Xcode 3.2";
			developmentRegion = English;
			hasScannedForEncodings = 0;
			knownRegions = (
				en,
			);
			mainGroup = 3D59897115EE55D60009F580;
			productRefGroup = 3D59897D15EE55D70009F580 /* Products */;
			projectDirPath = "";
			projectRoot = "";
			targets = (
				3D59897B15EE55D60009F580 /* AppEngineChannel */,
				3D59899015EE57A10009F580 /* AppEngineChannelClientExample */,
			);
		};
/* End PBXProject section */

/* Begin PBXResourcesBuildPhase section */
		3D59898F15EE57A10009F580 /* Resources */ = {
			isa = PBXResourcesBuildPhase;
			buildActionMask = 2147483647;
			files = (
				3D59899D15EE57A10009F580 /* InfoPlist.strings in Resources */,
				3D5989A615EE57A10009F580 /* MainStoryboard.storyboard in Resources */,
			);
			runOnlyForDeploymentPostprocessing = 0;
		};
/* End PBXResourcesBuildPhase section */

/* Begin PBXSourcesBuildPhase section */
		3D59897815EE55D60009F580 /* Sources */ = {
			isa = PBXSourcesBuildPhase;
			buildActionMask = 2147483647;
			files = (
				3D59898715EE55D70009F580 /* AppEngineChannel.m in Sources */,
			);
			runOnlyForDeploymentPostprocessing = 0;
		};
		3D59898D15EE57A10009F580 /* Sources */ = {
			isa = PBXSourcesBuildPhase;
			buildActionMask = 2147483647;
			files = (
				3D59899F15EE57A10009F580 /* main.m in Sources */,
				3D5989A315EE57A10009F580 /* AppDelegate.m in Sources */,
				3D5989A915EE57A10009F580 /* ViewController.m in Sources */,
			);
			runOnlyForDeploymentPostprocessing = 0;
		};
/* End PBXSourcesBuildPhase section */

/* Begin PBXVariantGroup section */
		3D59899B15EE57A10009F580 /* InfoPlist.strings */ = {
			isa = PBXVariantGroup;
			children = (
				3D59899C15EE57A10009F580 /* en */,
			);
			name = InfoPlist.strings;
			sourceTree = "<group>";
		};
		3D5989A415EE57A10009F580 /* MainStoryboard.storyboard */ = {
			isa = PBXVariantGroup;
			children = (
				3D5989A515EE57A10009F580 /* en */,
			);
			name = MainStoryboard.storyboard;
			sourceTree = "<group>";
		};
/* End PBXVariantGroup section */

/* Begin XCBuildConfiguration section */
		3D59898815EE55D70009F580 /* Debug */ = {
			isa = XCBuildConfiguration;
			buildSettings = {
				ALWAYS_SEARCH_USER_PATHS = NO;
				ARCHS = "$(ARCHS_STANDARD_32_BIT)";
				CLANG_CXX_LANGUAGE_STANDARD = "gnu++0x";
				CLANG_ENABLE_OBJC_ARC = YES;
				CLANG_WARN__DUPLICATE_METHOD_MATCH = YES;
				COPY_PHASE_STRIP = NO;
				GCC_C_LANGUAGE_STANDARD = gnu99;
				GCC_DYNAMIC_NO_PIC = NO;
				GCC_OPTIMIZATION_LEVEL = 0;
				GCC_PREPROCESSOR_DEFINITIONS = (
					"DEBUG=1",
					"$(inherited)",
				);
				GCC_SYMBOLS_PRIVATE_EXTERN = NO;
				GCC_VERSION = com.apple.compilers.llvm.clang.1_0;
				GCC_WARN_ABOUT_RETURN_TYPE = YES;
				GCC_WARN_UNINITIALIZED_AUTOS = YES;
				GCC_WARN_UNUSED_VARIABLE = YES;
				IPHONEOS_DEPLOYMENT_TARGET = 5.1;
				SDKROOT = iphoneos;
			};
			name = Debug;
		};
		3D59898915EE55D70009F580 /* Release */ = {
			isa = XCBuildConfiguration;
			buildSettings = {
				ALWAYS_SEARCH_USER_PATHS = NO;
				ARCHS = "$(ARCHS_STANDARD_32_BIT)";
				CLANG_CXX_LANGUAGE_STANDARD = "gnu++0x";
				CLANG_ENABLE_OBJC_ARC = YES;
				CLANG_WARN__DUPLICATE_METHOD_MATCH = YES;
				COPY_PHASE_STRIP = YES;
				GCC_C_LANGUAGE_STANDARD = gnu99;
				GCC_VERSION = com.apple.compilers.llvm.clang.1_0;
				GCC_WARN_ABOUT_RETURN_TYPE = YES;
				GCC_WARN_UNINITIALIZED_AUTOS = YES;
				GCC_WARN_UNUSED_VARIABLE = YES;
				IPHONEOS_DEPLOYMENT_TARGET = 5.1;
				SDKROOT = iphoneos;
				VALIDATE_PRODUCT = YES;
			};
			name = Release;
		};
		3D59898B15EE55D70009F580 /* Debug */ = {
			isa = XCBuildConfiguration;
			buildSettings = {
				DSTROOT = /tmp/AppEngineChannel.dst;
				GCC_PRECOMPILE_PREFIX_HEADER = YES;
				GCC_PREFIX_HEADER = "AppEngineChannel/AppEngineChannel-Prefix.pch";
				OTHER_LDFLAGS = "-ObjC";
				PRODUCT_NAME = "$(TARGET_NAME)";
				SKIP_INSTALL = YES;
			};
			name = Debug;
		};
		3D59898C15EE55D70009F580 /* Release */ = {
			isa = XCBuildConfiguration;
			buildSettings = {
				DSTROOT = /tmp/AppEngineChannel.dst;
				GCC_PRECOMPILE_PREFIX_HEADER = YES;
				GCC_PREFIX_HEADER = "AppEngineChannel/AppEngineChannel-Prefix.pch";
				OTHER_LDFLAGS = "-ObjC";
				PRODUCT_NAME = "$(TARGET_NAME)";
				SKIP_INSTALL = YES;
			};
			name = Release;
		};
		3D5989AB15EE57A10009F580 /* Debug */ = {
			isa = XCBuildConfiguration;
			buildSettings = {
				"CODE_SIGN_IDENTITY[sdk=iphoneos*]" = "iPhone Developer";
				GCC_PRECOMPILE_PREFIX_HEADER = YES;
				GCC_PREFIX_HEADER = "AppEngineChannelClientExample/AppEngineChannelClientExample-Prefix.pch";
				INFOPLIST_FILE = "AppEngineChannelClientExample/AppEngineChannelClientExample-Info.plist";
				PRODUCT_NAME = "$(TARGET_NAME)";
				WRAPPER_EXTENSION = app;
			};
			name = Debug;
		};
		3D5989AC15EE57A10009F580 /* Release */ = {
			isa = XCBuildConfiguration;
			buildSettings = {
				"CODE_SIGN_IDENTITY[sdk=iphoneos*]" = "iPhone Developer";
				GCC_PRECOMPILE_PREFIX_HEADER = YES;
				GCC_PREFIX_HEADER = "AppEngineChannelClientExample/AppEngineChannelClientExample-Prefix.pch";
				INFOPLIST_FILE = "AppEngineChannelClientExample/AppEngineChannelClientExample-Info.plist";
				OTHER_CFLAGS = "-DNS_BLOCK_ASSERTIONS=1";
				PRODUCT_NAME = "$(TARGET_NAME)";
				WRAPPER_EXTENSION = app;
			};
			name = Release;
		};
/* End XCBuildConfiguration section */

/* Begin XCConfigurationList section */
		3D59897615EE55D60009F580 /* Build configuration list for PBXProject "AppEngineChannel" */ = {
			isa = XCConfigurationList;
			buildConfigurations = (
				3D59898815EE55D70009F580 /* Debug */,
				3D59898915EE55D70009F580 /* Release */,
			);
			defaultConfigurationIsVisible = 0;
			defaultConfigurationName = Release;
		};
		3D59898A15EE55D70009F580 /* Build configuration list for PBXNativeTarget "AppEngineChannel" */ = {
			isa = XCConfigurationList;
			buildConfigurations = (
				3D59898B15EE55D70009F580 /* Debug */,
				3D59898C15EE55D70009F580 /* Release */,
			);
			defaultConfigurationIsVisible = 0;
		};
		3D5989AA15EE57A10009F580 /* Build configuration list for PBXNativeTarget "AppEngineChannelClientExample" */ = {
			isa = XCConfigurationList;
			buildConfigurations = (
				3D5989AB15EE57A10009F580 /* Debug */,
				3D5989AC15EE57A10009F580 /* Release */,
			);
			defaultConfigurationIsVisible = 0;
		};
/* End XCConfigurationList section */
	};
	rootObject = 3D59897315EE55D60009F580 /* Project object */;
}
